
Microsoft Visual Studio Solution File, Format Version 12.00
# Visual Studio Version 17
VisualStudioVersion = 17.8.34330.188
MinimumVisualStudioVersion = 10.0.40219.1
Project("{FAE04EC0-301F-11D3-BF4B-00C04F79EFBC}") = "M3FinalDatabse", "M3FinalDatabse.csproj", "{890D1612-61E2-44DF-A43F-05EA96876C69}"
EndProject
Global
	GlobalSection(SolutionConfigurationPlatforms) = preSolution
		Debug|Any CPU = Debug|Any CPU
		Release|Any CPU = Release|Any CPU
	EndGlobalSection
	GlobalSection(ProjectConfigurationPlatforms) = postSolution
		{890D1612-61E2-44DF-A43F-05EA96876C69}.Debug|Any CPU.ActiveCfg = Debug|Any CPU
		{890D1612-61E2-44DF-A43F-05EA96876C69}.Debug|Any CPU.Build.0 = Debug|Any CPU
		{890D1612-61E2-44DF-A43F-05EA96876C69}.Release|Any CPU.ActiveCfg = Release|Any CPU
		{890D1612-61E2-44DF-A43F-05EA96876C69}.Release|Any CPU.Build.0 = Release|Any CPU
	EndGlobalSection
	GlobalSection(SolutionProperties) = preSolution
		HideSolutionNode = FALSE
	EndGlobalSection
	GlobalSection(ExtensibilityGlobals) = postSolution
		SolutionGuid = {C347378B-4A16-4A84-A1FD-9E8778C8C937}
	EndGlobalSection
EndGlobal
